PODS:
  - Alamofire (4.0.1)
  - AlamofireObjectMapper (4.0.0):
    - Alamofire (~> 4.0)
    - ObjectMapper (~> 2.0)
  - ARSLineProgress (2.1.0)
  - BusyNavigationBar (2.0.0)
  - DGElasticPullToRefresh (1.1)
  - DZNEmptyDataSet (1.8.1)
  - IHKeyboardAvoiding (2.6)
  - KDCircularProgress (1.5.2)
  - Locksmith (3.0.0)
  - ObjectMapper (2.2.1)
  - RevealingSplashView (0.1.0)
  - ScrollableGraphView (3.0.0)
  - Segmentio (2.0)
  - SideMenuController (0.2.0)
  - SkyFloatingLabelTextField (1.2.1)
  - SnapKit (3.0.1)
  - SwiftChart (0.3.0)
  - SwiftyUserDefaults (3.0.0)
  - UICircularProgressRing (1.1.1)

DEPENDENCIES:
  - Alamofire (~> 4.0)
  - AlamofireObjectMapper (~> 4.0)
  - ARSLineProgress (~> 2.1)
  - BusyNavigationBar (~> 2.0)
  - DGElasticPullToRefresh (~> 1.1)
  - DZNEmptyDataSet (~> 1.8)
  - IHKeyboardAvoiding (~> 2.6)
  - KDCircularProgress
  - Locksmith (~> 3.0)
  - RevealingSplashView (~> 0.1)
  - ScrollableGraphView (~> 3.0)
  - Segmentio (~> 2.0)
  - SideMenuController (~> 0.2)
  - SkyFloatingLabelTextField (from `https://github.com/MLSDev/SkyFloatingLabelTextField.git`, branch `swift3`)
  - SnapKit (~> 3.0)
  - SwiftChart (~> 0.3)
  - SwiftyUserDefaults (~> 3.0)
  - UICircularProgressRing (~> 1.1)

EXTERNAL SOURCES:
  SkyFloatingLabelTextField:
    :branch: swift3
    :git: https://github.com/MLSDev/SkyFloatingLabelTextField.git

CHECKOUT OPTIONS:
  SkyFloatingLabelTextField:
    :commit: 03177934f990c794060765f33c408268ce8afee0
    :git: https://github.com/MLSDev/SkyFloatingLabelTextField.git

SPEC CHECKSUMS:
  Alamofire: 7682d43245de14874acd142ec137b144aa1dd335
  AlamofireObjectMapper: 9faa3ce5a240efda1b209009a2d6e1e949227abc
  ARSLineProgress: 44dd1ec9994a4ddea7767944ecb9001046ecd697
  BusyNavigationBar: b73fd434b95f6198809dcf048b0245ad89ec1b37
  DGElasticPullToRefresh: 28f11a6026302a90f8ffebbc6e24748e584dddd3
  DZNEmptyDataSet: 9525833b9e68ac21c30253e1d3d7076cc828eaa7
  IHKeyboardAvoiding: d2541ee56dad83e160cd9aed0468c52247af6f49
  KDCircularProgress: 12f677b2deb02409ab48c6cae1898d146b8ad549
  Locksmith: 310b4cc5031af5728bf4db5d4de547a5100c6a3b
  ObjectMapper: 41e43e1a89f8060ef5ea5d04ba852e269a621d68
  RevealingSplashView: 501dd03d975ba2c4165dd463ea1c7c407fb9d13e
  ScrollableGraphView: 9b0ff86f9193068ffaf7e7ea875dcd297d7e8ded
  Segmentio: 3f55a720e214e6d5ec1b205663228691bc3bb043
  SideMenuController: fe6ce032847d4021ac5ead7ee1b05364df5739e7
  SkyFloatingLabelTextField: 3f6610aded18e778df5cfab3b9e12a11b3e014e9
  SnapKit: f818b8326d45b4e1c777d0ab27b5c0a3624bfdeb
  SwiftChart: 39b48ba287a9f77a2a958726ff58fc05d5d9129f
  SwiftyUserDefaults: 0f1d45fc3aafb9064dac661e367f8f83fe21a4b4
  UICircularProgressRing: c37697577b2f07841fa901ad162959f6f5530204

PODFILE CHECKSUM: 60f652838bec62b4b0a5b0b8b080ddf1cd7c3529

COCOAPODS: 1.1.1
