// !$*UTF8*$!
{
	archiveVersion = 1;
	classes = {
	};
	objectVersion = 46;
	objects = {

/* Begin PBXBuildFile section */
		29C3D7063EC45364895AB139 /* Pods_NecktieUITests.framework in Frameworks */ = {isa = PBXBuildFile; fileRef = F14E9C439F698E2570115C41 /* Pods_NecktieUITests.framework */; };
		2B0445321DEC64EC00F15DED /* ViewController.swift in Sources */ = {isa = PBXBuildFile; fileRef = 2B0445311DEC64EC00F15DED /* ViewController.swift */; };
		2B1654381DAB7FE7001DBE43 /* UIColor+Necktie.swift in Sources */ = {isa = PBXBuildFile; fileRef = 2B1654371DAB7FE7001DBE43 /* UIColor+Necktie.swift */; };
		2B1654421DABA631001DBE43 /* HeaderView.swift in Sources */ = {isa = PBXBuildFile; fileRef = 2B1654411DABA631001DBE43 /* HeaderView.swift */; };
		2B1654441DABBDB0001DBE43 /* Menu.swift in Sources */ = {isa = PBXBuildFile; fileRef = 2B1654431DABBDB0001DBE43 /* Menu.swift */; };
		2B1CEA171E07F9A70028182F /* Companies.storyboard in Resources */ = {isa = PBXBuildFile; fileRef = 2B1CEA161E07F9A70028182F /* Companies.storyboard */; };
		2B1CEA1A1E07FF3C0028182F /* CompanyCell.swift in Sources */ = {isa = PBXBuildFile; fileRef = 2B1CEA191E07FF3C0028182F /* CompanyCell.swift */; };
		2B1CEA1C1E07FF530028182F /* CompaniesViewController.swift in Sources */ = {isa = PBXBuildFile; fileRef = 2B1CEA1B1E07FF530028182F /* CompaniesViewController.swift */; };
		2B1CEA1E1E08056D0028182F /* CompanyDetailViewController.swift in Sources */ = {isa = PBXBuildFile; fileRef = 2B1CEA1D1E08056D0028182F /* CompanyDetailViewController.swift */; };
		2B1CEA201E080B7C0028182F /* Projects.storyboard in Resources */ = {isa = PBXBuildFile; fileRef = 2B1CEA1F1E080B7C0028182F /* Projects.storyboard */; };
		2B1CEA231E0810A80028182F /* ProjectsViewController.swift in Sources */ = {isa = PBXBuildFile; fileRef = 2B1CEA221E0810A80028182F /* ProjectsViewController.swift */; };
		2B1CEA251E0811790028182F /* ProjectDetailViewController.swift in Sources */ = {isa = PBXBuildFile; fileRef = 2B1CEA241E0811790028182F /* ProjectDetailViewController.swift */; };
		2B1CEA271E0811920028182F /* ProjectCell.swift in Sources */ = {isa = PBXBuildFile; fileRef = 2B1CEA261E0811920028182F /* ProjectCell.swift */; };
		2B26DA851DEDD51800C06D23 /* README.md in Sources */ = {isa = PBXBuildFile; fileRef = 2B26DA841DEDD51800C06D23 /* README.md */; };
		2B29B0611DE5D52B0093AEA7 /* Product.swift in Sources */ = {isa = PBXBuildFile; fileRef = 2B29B0601DE5D52B0093AEA7 /* Product.swift */; };
		2B36DE611E02CC5A00B6F734 /* BillingPlanViewController.swift in Sources */ = {isa = PBXBuildFile; fileRef = 2B36DE601E02CC5A00B6F734 /* BillingPlanViewController.swift */; };
		2B36DE631E02D23600B6F734 /* BillingPlanCell.swift in Sources */ = {isa = PBXBuildFile; fileRef = 2B36DE621E02D23500B6F734 /* BillingPlanCell.swift */; };
		2B3C6B4F1DDF163200A11D5B /* TableView.swift in Sources */ = {isa = PBXBuildFile; fileRef = 2B3C6B4E1DDF163200A11D5B /* TableView.swift */; };
		2B3C6B511DDF1C6100A11D5B /* SectionHeaderView.swift in Sources */ = {isa = PBXBuildFile; fileRef = 2B3C6B501DDF1C6100A11D5B /* SectionHeaderView.swift */; };
		2B4DEEC21E03E0B60053287F /* WarningCell.swift in Sources */ = {isa = PBXBuildFile; fileRef = 2B4DEEC01E03E0B60053287F /* WarningCell.swift */; };
		2B4DEEC31E03E0B60053287F /* WarningCell.xib in Resources */ = {isa = PBXBuildFile; fileRef = 2B4DEEC11E03E0B60053287F /* WarningCell.xib */; };
		2B4DEEC51E03E9A10053287F /* Strings.swift in Sources */ = {isa = PBXBuildFile; fileRef = 2B4DEEC41E03E9A10053287F /* Strings.swift */; };
		2B51450F1DB4C1120034E884 /* DashboardCell.swift in Sources */ = {isa = PBXBuildFile; fileRef = 2B51450E1DB4C1120034E884 /* DashboardCell.swift */; };
		2B656B8D1DBA5DBA00F898F1 /* GradientView.swift in Sources */ = {isa = PBXBuildFile; fileRef = 2B656B8C1DBA5DBA00F898F1 /* GradientView.swift */; };
		2B6A5F4B1E0026D200133CE0 /* ProductDetailViewController.swift in Sources */ = {isa = PBXBuildFile; fileRef = 2B6A5F4A1E0026D200133CE0 /* ProductDetailViewController.swift */; };
		2B7084081DD31C7B00FE4A7D /* UsersViewController.swift in Sources */ = {isa = PBXBuildFile; fileRef = 2B7084071DD31C7B00FE4A7D /* UsersViewController.swift */; };
		2B70840A1DD31C8B00FE4A7D /* Users.storyboard in Resources */ = {isa = PBXBuildFile; fileRef = 2B7084091DD31C8B00FE4A7D /* Users.storyboard */; };
		2B70840C1DD31F6800FE4A7D /* UserCell.swift in Sources */ = {isa = PBXBuildFile; fileRef = 2B70840B1DD31F6800FE4A7D /* UserCell.swift */; };
		2B71DB8D1DC88BE000893937 /* Roboto-Black.ttf in Resources */ = {isa = PBXBuildFile; fileRef = 2B71DB7B1DC88BE000893937 /* Roboto-Black.ttf */; };
		2B71DB8E1DC88BE000893937 /* Roboto-BlackItalic.ttf in Resources */ = {isa = PBXBuildFile; fileRef = 2B71DB7C1DC88BE000893937 /* Roboto-BlackItalic.ttf */; };
		2B71DB8F1DC88BE000893937 /* Roboto-Bold.ttf in Resources */ = {isa = PBXBuildFile; fileRef = 2B71DB7D1DC88BE000893937 /* Roboto-Bold.ttf */; };
		2B71DB901DC88BE000893937 /* Roboto-BoldItalic.ttf in Resources */ = {isa = PBXBuildFile; fileRef = 2B71DB7E1DC88BE000893937 /* Roboto-BoldItalic.ttf */; };
		2B71DB911DC88BE000893937 /* Roboto-Italic.ttf in Resources */ = {isa = PBXBuildFile; fileRef = 2B71DB7F1DC88BE000893937 /* Roboto-Italic.ttf */; };
		2B71DB921DC88BE000893937 /* Roboto-Light.ttf in Resources */ = {isa = PBXBuildFile; fileRef = 2B71DB801DC88BE000893937 /* Roboto-Light.ttf */; };
		2B71DB931DC88BE000893937 /* Roboto-LightItalic.ttf in Resources */ = {isa = PBXBuildFile; fileRef = 2B71DB811DC88BE000893937 /* Roboto-LightItalic.ttf */; };
		2B71DB941DC88BE000893937 /* Roboto-Medium.ttf in Resources */ = {isa = PBXBuildFile; fileRef = 2B71DB821DC88BE000893937 /* Roboto-Medium.ttf */; };
		2B71DB951DC88BE000893937 /* Roboto-MediumItalic.ttf in Resources */ = {isa = PBXBuildFile; fileRef = 2B71DB831DC88BE000893937 /* Roboto-MediumItalic.ttf */; };
		2B71DB961DC88BE000893937 /* Roboto-Regular.ttf in Resources */ = {isa = PBXBuildFile; fileRef = 2B71DB841DC88BE000893937 /* Roboto-Regular.ttf */; };
		2B71DB971DC88BE000893937 /* Roboto-Thin.ttf in Resources */ = {isa = PBXBuildFile; fileRef = 2B71DB851DC88BE000893937 /* Roboto-Thin.ttf */; };
		2B71DB981DC88BE000893937 /* Roboto-ThinItalic.ttf in Resources */ = {isa = PBXBuildFile; fileRef = 2B71DB861DC88BE000893937 /* Roboto-ThinItalic.ttf */; };
		2B71DBA41DC892B500893937 /* CAGradientLayer+Image.swift in Sources */ = {isa = PBXBuildFile; fileRef = 2B71DBA31DC892B500893937 /* CAGradientLayer+Image.swift */; };
		2B71DBA61DC8938900893937 /* NavigationController.swift in Sources */ = {isa = PBXBuildFile; fileRef = 2B71DBA51DC8938900893937 /* NavigationController.swift */; };
		2B74CBF91DEC663600393219 /* OAuth2RetryHandler.swift in Sources */ = {isa = PBXBuildFile; fileRef = 2B74CBF81DEC663600393219 /* OAuth2RetryHandler.swift */; };
		2B80A92F1DD0C97200EED246 /* Extensions.swift in Sources */ = {isa = PBXBuildFile; fileRef = 2B80A92E1DD0C97200EED246 /* Extensions.swift */; };
		2B8E55531DFECDED000E1B11 /* TransformDate.swift in Sources */ = {isa = PBXBuildFile; fileRef = 2B8E55521DFECDED000E1B11 /* TransformDate.swift */; };
		2B8E55551DFED736000E1B11 /* BillingPlan.swift in Sources */ = {isa = PBXBuildFile; fileRef = 2B8E55541DFED736000E1B11 /* BillingPlan.swift */; };
		2BADDF2B1DEDAB6000D22271 /* APIManager.swift in Sources */ = {isa = PBXBuildFile; fileRef = 2BADDF291DEDAB6000D22271 /* APIManager.swift */; };
		2BADDF2C1DEDAB6000D22271 /* APIRouter.swift in Sources */ = {isa = PBXBuildFile; fileRef = 2BADDF2A1DEDAB6000D22271 /* APIRouter.swift */; };
		2BADDF2E1DEDC38B00D22271 /* Profile.swift in Sources */ = {isa = PBXBuildFile; fileRef = 2BADDF2D1DEDC38B00D22271 /* Profile.swift */; };
		2BBB551B1D9E80AD005347DB /* AppDelegate.swift in Sources */ = {isa = PBXBuildFile; fileRef = 2BBB551A1D9E80AD005347DB /* AppDelegate.swift */; };
		2BBB55201D9E80AD005347DB /* Main.storyboard in Resources */ = {isa = PBXBuildFile; fileRef = 2BBB551E1D9E80AD005347DB /* Main.storyboard */; };
		2BBB55221D9E80AD005347DB /* Assets.xcassets in Resources */ = {isa = PBXBuildFile; fileRef = 2BBB55211D9E80AD005347DB /* Assets.xcassets */; };
		2BBB55251D9E80AD005347DB /* LaunchScreen.storyboard in Resources */ = {isa = PBXBuildFile; fileRef = 2BBB55231D9E80AD005347DB /* LaunchScreen.storyboard */; };
		2BBB55301D9E80AD005347DB /* NecktieTests.swift in Sources */ = {isa = PBXBuildFile; fileRef = 2BBB552F1D9E80AD005347DB /* NecktieTests.swift */; };
		2BBB553B1D9E80AD005347DB /* NecktieUITests.swift in Sources */ = {isa = PBXBuildFile; fileRef = 2BBB553A1D9E80AD005347DB /* NecktieUITests.swift */; };
		2BBB55501D9E8552005347DB /* Constants.swift in Sources */ = {isa = PBXBuildFile; fileRef = 2BBB554F1D9E8552005347DB /* Constants.swift */; };
		2BBBD6001DA64D9000696D1E /* Login.storyboard in Resources */ = {isa = PBXBuildFile; fileRef = 2BBBD5FF1DA64D9000696D1E /* Login.storyboard */; };
		2BBBD6021DA65D9800696D1E /* LoginViewController.swift in Sources */ = {isa = PBXBuildFile; fileRef = 2BBBD6011DA65D9800696D1E /* LoginViewController.swift */; };
		2BBBD6051DA682DD00696D1E /* DashboardViewController.swift in Sources */ = {isa = PBXBuildFile; fileRef = 2BBBD6041DA682DD00696D1E /* DashboardViewController.swift */; };
		2BC061351E094A0F0027FC32 /* NoDataCell.swift in Sources */ = {isa = PBXBuildFile; fileRef = 2BC061331E094A0F0027FC32 /* NoDataCell.swift */; };
		2BC061361E094A0F0027FC32 /* NoDataCell.xib in Resources */ = {isa = PBXBuildFile; fileRef = 2BC061341E094A0F0027FC32 /* NoDataCell.xib */; };
		2BC13F741DF989C100CC5390 /* SegmentioBuilder.swift in Sources */ = {isa = PBXBuildFile; fileRef = 2BC13F731DF989C100CC5390 /* SegmentioBuilder.swift */; };
		2BD0F20E1DE3327F002BAE5F /* SearchBar.swift in Sources */ = {isa = PBXBuildFile; fileRef = 2BD0F20D1DE3327F002BAE5F /* SearchBar.swift */; };
		2BD1A4491DE47B6E007837EB /* Products.storyboard in Resources */ = {isa = PBXBuildFile; fileRef = 2BD1A4481DE47B6E007837EB /* Products.storyboard */; };
		2BD1A44C1DE47BAC007837EB /* ProductsViewController.swift in Sources */ = {isa = PBXBuildFile; fileRef = 2BD1A44B1DE47BAC007837EB /* ProductsViewController.swift */; };
		2BD1A44E1DE48192007837EB /* ProductCell.swift in Sources */ = {isa = PBXBuildFile; fileRef = 2BD1A44D1DE48192007837EB /* ProductCell.swift */; };
		2BD409191DD5DFFE00A6D050 /* UsersEditViewController.swift in Sources */ = {isa = PBXBuildFile; fileRef = 2BD409181DD5DFFE00A6D050 /* UsersEditViewController.swift */; };
		2BFB0BF01DA78EA900D29BC4 /* UIViewController+MotionEffect.swift in Sources */ = {isa = PBXBuildFile; fileRef = 2BFB0BEF1DA78EA900D29BC4 /* UIViewController+MotionEffect.swift */; };
		2BFB0BF81DA7BA4800D29BC4 /* Dashboard.storyboard in Resources */ = {isa = PBXBuildFile; fileRef = 2BFB0BF71DA7BA4800D29BC4 /* Dashboard.storyboard */; };
		2BFB0BFB1DA7BB1D00D29BC4 /* Menu.storyboard in Resources */ = {isa = PBXBuildFile; fileRef = 2BFB0BFA1DA7BB1D00D29BC4 /* Menu.storyboard */; };
		2BFB0BFE1DA7BD6D00D29BC4 /* MenuContainerViewController.swift in Sources */ = {isa = PBXBuildFile; fileRef = 2BFB0BFD1DA7BD6D00D29BC4 /* MenuContainerViewController.swift */; };
		2BFB0C021DA7BE8900D29BC4 /* MenuViewController.swift in Sources */ = {isa = PBXBuildFile; fileRef = 2BFB0C011DA7BE8900D29BC4 /* MenuViewController.swift */; };
		2BFB0C041DA7C17B00D29BC4 /* MenuTableViewCell.swift in Sources */ = {isa = PBXBuildFile; fileRef = 2BFB0C031DA7C17B00D29BC4 /* MenuTableViewCell.swift */; };
		2BFB0C061DA7CAD200D29BC4 /* MainViewController.swift in Sources */ = {isa = PBXBuildFile; fileRef = 2BFB0C051DA7CAD200D29BC4 /* MainViewController.swift */; };
		2BFB0C081DA7D3F500D29BC4 /* SideMenuCustom.swift in Sources */ = {isa = PBXBuildFile; fileRef = 2BFB0C071DA7D3F500D29BC4 /* SideMenuCustom.swift */; };
		5047CC83408BDFCABC8DABD2 /* Pods_NecktieTests.framework in Frameworks */ = {isa = PBXBuildFile; fileRef = 25C7B9A84F53E45030BACDED /* Pods_NecktieTests.framework */; };
		5B41E82DA44C90B62C923581 /* Pods_Necktie.framework in Frameworks */ = {isa = PBXBuildFile; fileRef = 958064951AA6F4BE954D3E11 /* Pods_Necktie.framework */; };
/* End PBXBuildFile section */

/* Begin PBXContainerItemProxy section */
		2BBB552C1D9E80AD005347DB /* PBXContainerItemProxy */ = {
			isa = PBXContainerItemProxy;
			containerPortal = 2BBB550F1D9E80AD005347DB /* Project object */;
			proxyType = 1;
			remoteGlobalIDString = 2BBB55161D9E80AD005347DB;
			remoteInfo = Necktie;
		};
		2BBB55371D9E80AD005347DB /* PBXContainerItemProxy */ = {
			isa = PBXContainerItemProxy;
			containerPortal = 2BBB550F1D9E80AD005347DB /* Project object */;
			proxyType = 1;
			remoteGlobalIDString = 2BBB55161D9E80AD005347DB;
			remoteInfo = Necktie;
		};
/* End PBXContainerItemProxy section */

/* Begin PBXFileReference section */
		10A5CB944B3979ADEF7CF38F /* Pods-NecktieUITests.release.xcconfig */ = {isa = PBXFileReference; includeInIndex = 1; lastKnownFileType = text.xcconfig; name = "Pods-NecktieUITests.release.xcconfig"; path = "Pods/Target Support Files/Pods-NecktieUITests/Pods-NecktieUITests.release.xcconfig"; sourceTree = "<group>"; };
		14AD381534BFAB2648520186 /* Pods-Necktie.release.xcconfig */ = {isa = PBXFileReference; includeInIndex = 1; lastKnownFileType = text.xcconfig; name = "Pods-Necktie.release.xcconfig"; path = "Pods/Target Support Files/Pods-Necktie/Pods-Necktie.release.xcconfig"; sourceTree = "<group>"; };
		25C7B9A84F53E45030BACDED /* Pods_NecktieTests.framework */ = {isa = PBXFileReference; explicitFileType = wrapper.framework; includeInIndex = 0; path = Pods_NecktieTests.framework; sourceTree = BUILT_PRODUCTS_DIR; };
		2B0445311DEC64EC00F15DED /* ViewController.swift */ = {isa = PBXFileReference; fileEncoding = 4; lastKnownFileType = sourcecode.swift; path = ViewController.swift; sourceTree = "<group>"; };
		2B1654371DAB7FE7001DBE43 /* UIColor+Necktie.swift */ = {isa = PBXFileReference; fileEncoding = 4; lastKnownFileType = sourcecode.swift; path = "UIColor+Necktie.swift"; sourceTree = "<group>"; };
		2B1654411DABA631001DBE43 /* HeaderView.swift */ = {isa = PBXFileReference; fileEncoding = 4; lastKnownFileType = sourcecode.swift; path = HeaderView.swift; sourceTree = "<group>"; };
		2B1654431DABBDB0001DBE43 /* Menu.swift */ = {isa = PBXFileReference; fileEncoding = 4; lastKnownFileType = sourcecode.swift; path = Menu.swift; sourceTree = "<group>"; };
		2B1CEA161E07F9A70028182F /* Companies.storyboard */ = {isa = PBXFileReference; fileEncoding = 4; lastKnownFileType = file.storyboard; path = Companies.storyboard; sourceTree = "<group>"; };
		2B1CEA191E07FF3C0028182F /* CompanyCell.swift */ = {isa = PBXFileReference; fileEncoding = 4; lastKnownFileType = sourcecode.swift; path = CompanyCell.swift; sourceTree = "<group>"; };
		2B1CEA1B1E07FF530028182F /* CompaniesViewController.swift */ = {isa = PBXFileReference; fileEncoding = 4; lastKnownFileType = sourcecode.swift; path = CompaniesViewController.swift; sourceTree = "<group>"; };
		2B1CEA1D1E08056D0028182F /* CompanyDetailViewController.swift */ = {isa = PBXFileReference; fileEncoding = 4; lastKnownFileType = sourcecode.swift; path = CompanyDetailViewController.swift; sourceTree = "<group>"; };
		2B1CEA1F1E080B7C0028182F /* Projects.storyboard */ = {isa = PBXFileReference; fileEncoding = 4; lastKnownFileType = file.storyboard; path = Projects.storyboard; sourceTree = "<group>"; };
		2B1CEA221E0810A80028182F /* ProjectsViewController.swift */ = {isa = PBXFileReference; fileEncoding = 4; lastKnownFileType = sourcecode.swift; path = ProjectsViewController.swift; sourceTree = "<group>"; };
		2B1CEA241E0811790028182F /* ProjectDetailViewController.swift */ = {isa = PBXFileReference; fileEncoding = 4; lastKnownFileType = sourcecode.swift; path = ProjectDetailViewController.swift; sourceTree = "<group>"; };
		2B1CEA261E0811920028182F /* ProjectCell.swift */ = {isa = PBXFileReference; fileEncoding = 4; lastKnownFileType = sourcecode.swift; path = ProjectCell.swift; sourceTree = "<group>"; };
		2B26DA841DEDD51800C06D23 /* README.md */ = {isa = PBXFileReference; fileEncoding = 4; lastKnownFileType = net.daringfireball.markdown; path = README.md; sourceTree = SOURCE_ROOT; };
		2B29B0601DE5D52B0093AEA7 /* Product.swift */ = {isa = PBXFileReference; fileEncoding = 4; lastKnownFileType = sourcecode.swift; path = Product.swift; sourceTree = "<group>"; };
		2B36DE601E02CC5A00B6F734 /* BillingPlanViewController.swift */ = {isa = PBXFileReference; fileEncoding = 4; lastKnownFileType = sourcecode.swift; path = BillingPlanViewController.swift; sourceTree = "<group>"; };
		2B36DE621E02D23500B6F734 /* BillingPlanCell.swift */ = {isa = PBXFileReference; fileEncoding = 4; lastKnownFileType = sourcecode.swift; path = BillingPlanCell.swift; sourceTree = "<group>"; };
		2B3C6B4E1DDF163200A11D5B /* TableView.swift */ = {isa = PBXFileReference; fileEncoding = 4; lastKnownFileType = sourcecode.swift; path = TableView.swift; sourceTree = "<group>"; };
		2B3C6B501DDF1C6100A11D5B /* SectionHeaderView.swift */ = {isa = PBXFileReference; fileEncoding = 4; lastKnownFileType = sourcecode.swift; path = SectionHeaderView.swift; sourceTree = "<group>"; };
		2B4DEEC01E03E0B60053287F /* WarningCell.swift */ = {isa = PBXFileReference; fileEncoding = 4; lastKnownFileType = sourcecode.swift; path = WarningCell.swift; sourceTree = "<group>"; };
		2B4DEEC11E03E0B60053287F /* WarningCell.xib */ = {isa = PBXFileReference; fileEncoding = 4; lastKnownFileType = file.xib; path = WarningCell.xib; sourceTree = "<group>"; };
		2B4DEEC41E03E9A10053287F /* Strings.swift */ = {isa = PBXFileReference; fileEncoding = 4; lastKnownFileType = sourcecode.swift; path = Strings.swift; sourceTree = "<group>"; };
		2B51450E1DB4C1120034E884 /* DashboardCell.swift */ = {isa = PBXFileReference; fileEncoding = 4; lastKnownFileType = sourcecode.swift; path = DashboardCell.swift; sourceTree = "<group>"; };
		2B656B8C1DBA5DBA00F898F1 /* GradientView.swift */ = {isa = PBXFileReference; fileEncoding = 4; lastKnownFileType = sourcecode.swift; path = GradientView.swift; sourceTree = "<group>"; };
		2B6A5F4A1E0026D200133CE0 /* ProductDetailViewController.swift */ = {isa = PBXFileReference; fileEncoding = 4; lastKnownFileType = sourcecode.swift; path = ProductDetailViewController.swift; sourceTree = "<group>"; };
		2B7084071DD31C7B00FE4A7D /* UsersViewController.swift */ = {isa = PBXFileReference; fileEncoding = 4; lastKnownFileType = sourcecode.swift; path = UsersViewController.swift; sourceTree = "<group>"; };
		2B7084091DD31C8B00FE4A7D /* Users.storyboard */ = {isa = PBXFileReference; fileEncoding = 4; lastKnownFileType = file.storyboard; path = Users.storyboard; sourceTree = "<group>"; };
		2B70840B1DD31F6800FE4A7D /* UserCell.swift */ = {isa = PBXFileReference; fileEncoding = 4; lastKnownFileType = sourcecode.swift; path = UserCell.swift; sourceTree = "<group>"; };
		2B71DB7B1DC88BE000893937 /* Roboto-Black.ttf */ = {isa = PBXFileReference; lastKnownFileType = file; path = "Roboto-Black.ttf"; sourceTree = "<group>"; };
		2B71DB7C1DC88BE000893937 /* Roboto-BlackItalic.ttf */ = {isa = PBXFileReference; lastKnownFileType = file; path = "Roboto-BlackItalic.ttf"; sourceTree = "<group>"; };
		2B71DB7D1DC88BE000893937 /* Roboto-Bold.ttf */ = {isa = PBXFileReference; lastKnownFileType = file; path = "Roboto-Bold.ttf"; sourceTree = "<group>"; };
		2B71DB7E1DC88BE000893937 /* Roboto-BoldItalic.ttf */ = {isa = PBXFileReference; lastKnownFileType = file; path = "Roboto-BoldItalic.ttf"; sourceTree = "<group>"; };
		2B71DB7F1DC88BE000893937 /* Roboto-Italic.ttf */ = {isa = PBXFileReference; lastKnownFileType = file; path = "Roboto-Italic.ttf"; sourceTree = "<group>"; };
		2B71DB801DC88BE000893937 /* Roboto-Light.ttf */ = {isa = PBXFileReference; lastKnownFileType = file; path = "Roboto-Light.ttf"; sourceTree = "<group>"; };
		2B71DB811DC88BE000893937 /* Roboto-LightItalic.ttf */ = {isa = PBXFileReference; lastKnownFileType = file; path = "Roboto-LightItalic.ttf"; sourceTree = "<group>"; };
		2B71DB821DC88BE000893937 /* Roboto-Medium.ttf */ = {isa = PBXFileReference; lastKnownFileType = file; path = "Roboto-Medium.ttf"; sourceTree = "<group>"; };
		2B71DB831DC88BE000893937 /* Roboto-MediumItalic.ttf */ = {isa = PBXFileReference; lastKnownFileType = file; path = "Roboto-MediumItalic.ttf"; sourceTree = "<group>"; };
		2B71DB841DC88BE000893937 /* Roboto-Regular.ttf */ = {isa = PBXFileReference; lastKnownFileType = file; path = "Roboto-Regular.ttf"; sourceTree = "<group>"; };
		2B71DB851DC88BE000893937 /* Roboto-Thin.ttf */ = {isa = PBXFileReference; lastKnownFileType = file; path = "Roboto-Thin.ttf"; sourceTree = "<group>"; };
		2B71DB861DC88BE000893937 /* Roboto-ThinItalic.ttf */ = {isa = PBXFileReference; lastKnownFileType = file; path = "Roboto-ThinItalic.ttf"; sourceTree = "<group>"; };
		2B71DBA31DC892B500893937 /* CAGradientLayer+Image.swift */ = {isa = PBXFileReference; fileEncoding = 4; lastKnownFileType = sourcecode.swift; path = "CAGradientLayer+Image.swift"; sourceTree = "<group>"; };
		2B71DBA51DC8938900893937 /* NavigationController.swift */ = {isa = PBXFileReference; fileEncoding = 4; lastKnownFileType = sourcecode.swift; path = NavigationController.swift; sourceTree = "<group>"; };
		2B74CBF81DEC663600393219 /* OAuth2RetryHandler.swift */ = {isa = PBXFileReference; fileEncoding = 4; lastKnownFileType = sourcecode.swift; path = OAuth2RetryHandler.swift; sourceTree = "<group>"; };
		2B80A92E1DD0C97200EED246 /* Extensions.swift */ = {isa = PBXFileReference; fileEncoding = 4; lastKnownFileType = sourcecode.swift; path = Extensions.swift; sourceTree = "<group>"; };
		2B8E55521DFECDED000E1B11 /* TransformDate.swift */ = {isa = PBXFileReference; fileEncoding = 4; lastKnownFileType = sourcecode.swift; path = TransformDate.swift; sourceTree = "<group>"; };
		2B8E55541DFED736000E1B11 /* BillingPlan.swift */ = {isa = PBXFileReference; fileEncoding = 4; lastKnownFileType = sourcecode.swift; path = BillingPlan.swift; sourceTree = "<group>"; };
		2BADDF291DEDAB6000D22271 /* APIManager.swift */ = {isa = PBXFileReference; fileEncoding = 4; lastKnownFileType = sourcecode.swift; path = APIManager.swift; sourceTree = "<group>"; };
		2BADDF2A1DEDAB6000D22271 /* APIRouter.swift */ = {isa = PBXFileReference; fileEncoding = 4; lastKnownFileType = sourcecode.swift; path = APIRouter.swift; sourceTree = "<group>"; };
		2BADDF2D1DEDC38B00D22271 /* Profile.swift */ = {isa = PBXFileReference; fileEncoding = 4; lastKnownFileType = sourcecode.swift; path = Profile.swift; sourceTree = "<group>"; };
		2BBB55171D9E80AD005347DB /* Necktie.app */ = {isa = PBXFileReference; explicitFileType = wrapper.application; includeInIndex = 0; path = Necktie.app; sourceTree = BUILT_PRODUCTS_DIR; };
		2BBB551A1D9E80AD005347DB /* AppDelegate.swift */ = {isa = PBXFileReference; lastKnownFileType = sourcecode.swift; path = AppDelegate.swift; sourceTree = "<group>"; };
		2BBB551F1D9E80AD005347DB /* Base */ = {isa = PBXFileReference; lastKnownFileType = file.storyboard; name = Base; path = Base.lproj/Main.storyboard; sourceTree = "<group>"; };
		2BBB55211D9E80AD005347DB /* Assets.xcassets */ = {isa = PBXFileReference; lastKnownFileType = folder.assetcatalog; name = Assets.xcassets; path = Necktie/Assets.xcassets; sourceTree = "<group>"; };
		2BBB55241D9E80AD005347DB /* Base */ = {isa = PBXFileReference; lastKnownFileType = file.storyboard; name = Base; path = Base.lproj/LaunchScreen.storyboard; sourceTree = "<group>"; };
		2BBB55261D9E80AD005347DB /* Info.plist */ = {isa = PBXFileReference; lastKnownFileType = text.plist.xml; path = Info.plist; sourceTree = "<group>"; };
		2BBB552B1D9E80AD005347DB /* NecktieTests.xctest */ = {isa = PBXFileReference; explicitFileType = wrapper.cfbundle; includeInIndex = 0; path = NecktieTests.xctest; sourceTree = BUILT_PRODUCTS_DIR; };
		2BBB552F1D9E80AD005347DB /* NecktieTests.swift */ = {isa = PBXFileReference; lastKnownFileType = sourcecode.swift; path = NecktieTests.swift; sourceTree = "<group>"; };
		2BBB55311D9E80AD005347DB /* Info.plist */ = {isa = PBXFileReference; lastKnownFileType = text.plist.xml; path = Info.plist; sourceTree = "<group>"; };
		2BBB55361D9E80AD005347DB /* NecktieUITests.xctest */ = {isa = PBXFileReference; explicitFileType = wrapper.cfbundle; includeInIndex = 0; path = NecktieUITests.xctest; sourceTree = BUILT_PRODUCTS_DIR; };
		2BBB553A1D9E80AD005347DB /* NecktieUITests.swift */ = {isa = PBXFileReference; lastKnownFileType = sourcecode.swift; path = NecktieUITests.swift; sourceTree = "<group>"; };
		2BBB553C1D9E80AD005347DB /* Info.plist */ = {isa = PBXFileReference; lastKnownFileType = text.plist.xml; path = Info.plist; sourceTree = "<group>"; };
		2BBB554F1D9E8552005347DB /* Constants.swift */ = {isa = PBXFileReference; fileEncoding = 4; lastKnownFileType = sourcecode.swift; path = Constants.swift; sourceTree = "<group>"; };
		2BBBD5FF1DA64D9000696D1E /* Login.storyboard */ = {isa = PBXFileReference; fileEncoding = 4; lastKnownFileType = file.storyboard; path = Login.storyboard; sourceTree = "<group>"; };
		2BBBD6011DA65D9800696D1E /* LoginViewController.swift */ = {isa = PBXFileReference; fileEncoding = 4; lastKnownFileType = sourcecode.swift; path = LoginViewController.swift; sourceTree = "<group>"; };
		2BBBD6041DA682DD00696D1E /* DashboardViewController.swift */ = {isa = PBXFileReference; fileEncoding = 4; lastKnownFileType = sourcecode.swift; path = DashboardViewController.swift; sourceTree = "<group>"; };
		2BC061331E094A0F0027FC32 /* NoDataCell.swift */ = {isa = PBXFileReference; fileEncoding = 4; lastKnownFileType = sourcecode.swift; path = NoDataCell.swift; sourceTree = "<group>"; };
		2BC061341E094A0F0027FC32 /* NoDataCell.xib */ = {isa = PBXFileReference; fileEncoding = 4; lastKnownFileType = file.xib; path = NoDataCell.xib; sourceTree = "<group>"; };
		2BC13F731DF989C100CC5390 /* SegmentioBuilder.swift */ = {isa = PBXFileReference; fileEncoding = 4; lastKnownFileType = sourcecode.swift; path = SegmentioBuilder.swift; sourceTree = "<group>"; };
		2BD0F20D1DE3327F002BAE5F /* SearchBar.swift */ = {isa = PBXFileReference; fileEncoding = 4; lastKnownFileType = sourcecode.swift; path = SearchBar.swift; sourceTree = "<group>"; };
		2BD1A4481DE47B6E007837EB /* Products.storyboard */ = {isa = PBXFileReference; fileEncoding = 4; lastKnownFileType = file.storyboard; path = Products.storyboard; sourceTree = "<group>"; };
		2BD1A44B1DE47BAC007837EB /* ProductsViewController.swift */ = {isa = PBXFileReference; fileEncoding = 4; lastKnownFileType = sourcecode.swift; path = ProductsViewController.swift; sourceTree = "<group>"; };
		2BD1A44D1DE48192007837EB /* ProductCell.swift */ = {isa = PBXFileReference; fileEncoding = 4; lastKnownFileType = sourcecode.swift; path = ProductCell.swift; sourceTree = "<group>"; };
		2BD1A44F1DE48DF5007837EB /* Necktie.entitlements */ = {isa = PBXFileReference; lastKnownFileType = text.plist.entitlements; path = Necktie.entitlements; sourceTree = "<group>"; };
		2BD409181DD5DFFE00A6D050 /* UsersEditViewController.swift */ = {isa = PBXFileReference; fileEncoding = 4; lastKnownFileType = sourcecode.swift; path = UsersEditViewController.swift; sourceTree = "<group>"; };
		2BFB0BEF1DA78EA900D29BC4 /* UIViewController+MotionEffect.swift */ = {isa = PBXFileReference; fileEncoding = 4; lastKnownFileType = sourcecode.swift; path = "UIViewController+MotionEffect.swift"; sourceTree = "<group>"; };
		2BFB0BF61DA7A21300D29BC4 /* Necktie-Bridging-Header.h */ = {isa = PBXFileReference; lastKnownFileType = sourcecode.c.h; path = "Necktie-Bridging-Header.h"; sourceTree = "<group>"; };
		2BFB0BF71DA7BA4800D29BC4 /* Dashboard.storyboard */ = {isa = PBXFileReference; fileEncoding = 4; lastKnownFileType = file.storyboard; path = Dashboard.storyboard; sourceTree = "<group>"; };
		2BFB0BFA1DA7BB1D00D29BC4 /* Menu.storyboard */ = {isa = PBXFileReference; fileEncoding = 4; lastKnownFileType = file.storyboard; path = Menu.storyboard; sourceTree = "<group>"; };
		2BFB0BFD1DA7BD6D00D29BC4 /* MenuContainerViewController.swift */ = {isa = PBXFileReference; fileEncoding = 4; lastKnownFileType = sourcecode.swift; path = MenuContainerViewController.swift; sourceTree = "<group>"; };
		2BFB0C011DA7BE8900D29BC4 /* MenuViewController.swift */ = {isa = PBXFileReference; fileEncoding = 4; lastKnownFileType = sourcecode.swift; path = MenuViewController.swift; sourceTree = "<group>"; };
		2BFB0C031DA7C17B00D29BC4 /* MenuTableViewCell.swift */ = {isa = PBXFileReference; fileEncoding = 4; lastKnownFileType = sourcecode.swift; path = MenuTableViewCell.swift; sourceTree = "<group>"; };
		2BFB0C051DA7CAD200D29BC4 /* MainViewController.swift */ = {isa = PBXFileReference; fileEncoding = 4; lastKnownFileType = sourcecode.swift; path = MainViewController.swift; sourceTree = "<group>"; };
		2BFB0C071DA7D3F500D29BC4 /* SideMenuCustom.swift */ = {isa = PBXFileReference; fileEncoding = 4; lastKnownFileType = sourcecode.swift; path = SideMenuCustom.swift; sourceTree = "<group>"; };
		3279B56140C68B1C4466EE0E /* Pods-NecktieTests.release.xcconfig */ = {isa = PBXFileReference; includeInIndex = 1; lastKnownFileType = text.xcconfig; name = "Pods-NecktieTests.release.xcconfig"; path = "Pods/Target Support Files/Pods-NecktieTests/Pods-NecktieTests.release.xcconfig"; sourceTree = "<group>"; };
		79497D1B3739B00E5E2D91CE /* Pods-NecktieUITests.debug.xcconfig */ = {isa = PBXFileReference; includeInIndex = 1; lastKnownFileType = text.xcconfig; name = "Pods-NecktieUITests.debug.xcconfig"; path = "Pods/Target Support Files/Pods-NecktieUITests/Pods-NecktieUITests.debug.xcconfig"; sourceTree = "<group>"; };
		958064951AA6F4BE954D3E11 /* Pods_Necktie.framework */ = {isa = PBXFileReference; explicitFileType = wrapper.framework; includeInIndex = 0; path = Pods_Necktie.framework; sourceTree = BUILT_PRODUCTS_DIR; };
		AD596E331BD7C9E7F8080181 /* Pods-Necktie.debug.xcconfig */ = {isa = PBXFileReference; includeInIndex = 1; lastKnownFileType = text.xcconfig; name = "Pods-Necktie.debug.xcconfig"; path = "Pods/Target Support Files/Pods-Necktie/Pods-Necktie.debug.xcconfig"; sourceTree = "<group>"; };
		F14E9C439F698E2570115C41 /* Pods_NecktieUITests.framework */ = {isa = PBXFileReference; explicitFileType = wrapper.framework; includeInIndex = 0; path = Pods_NecktieUITests.framework; sourceTree = BUILT_PRODUCTS_DIR; };
		F7515C0614C828B0A6A56B5D /* Pods-NecktieTests.debug.xcconfig */ = {isa = PBXFileReference; includeInIndex = 1; lastKnownFileType = text.xcconfig; name = "Pods-NecktieTests.debug.xcconfig"; path = "Pods/Target Support Files/Pods-NecktieTests/Pods-NecktieTests.debug.xcconfig"; sourceTree = "<group>"; };
/* End PBXFileReference section */

/* Begin PBXFrameworksBuildPhase section */
		2BBB55141D9E80AD005347DB /* Frameworks */ = {
			isa = PBXFrameworksBuildPhase;
			buildActionMask = 2147483647;
			files = (
				5B41E82DA44C90B62C923581 /* Pods_Necktie.framework in Frameworks */,
			);
			runOnlyForDeploymentPostprocessing = 0;
		};
		2BBB55281D9E80AD005347DB /* Frameworks */ = {
			isa = PBXFrameworksBuildPhase;
			buildActionMask = 2147483647;
			files = (
				5047CC83408BDFCABC8DABD2 /* Pods_NecktieTests.framework in Frameworks */,
			);
			runOnlyForDeploymentPostprocessing = 0;
		};
		2BBB55331D9E80AD005347DB /* Frameworks */ = {
			isa = PBXFrameworksBuildPhase;
			buildActionMask = 2147483647;
			files = (
				29C3D7063EC45364895AB139 /* Pods_NecktieUITests.framework in Frameworks */,
			);
			runOnlyForDeploymentPostprocessing = 0;
		};
/* End PBXFrameworksBuildPhase section */

/* Begin PBXGroup section */
		2B1119701DC8CCF2002A8D5B /* Fonts */ = {
			isa = PBXGroup;
			children = (
				2B71DB7B1DC88BE000893937 /* Roboto-Black.ttf */,
				2B71DB7C1DC88BE000893937 /* Roboto-BlackItalic.ttf */,
				2B71DB7D1DC88BE000893937 /* Roboto-Bold.ttf */,
				2B71DB7E1DC88BE000893937 /* Roboto-BoldItalic.ttf */,
				2B71DB7F1DC88BE000893937 /* Roboto-Italic.ttf */,
				2B71DB801DC88BE000893937 /* Roboto-Light.ttf */,
				2B71DB811DC88BE000893937 /* Roboto-LightItalic.ttf */,
				2B71DB821DC88BE000893937 /* Roboto-Medium.ttf */,
				2B71DB831DC88BE000893937 /* Roboto-MediumItalic.ttf */,
				2B71DB841DC88BE000893937 /* Roboto-Regular.ttf */,
				2B71DB851DC88BE000893937 /* Roboto-Thin.ttf */,
				2B71DB861DC88BE000893937 /* Roboto-ThinItalic.ttf */,
			);
			name = Fonts;
			sourceTree = "<group>";
		};
		2B1CEA181E07FF050028182F /* Companies */ = {
			isa = PBXGroup;
			children = (
				2B1CEA1B1E07FF530028182F /* CompaniesViewController.swift */,
				2B1CEA1D1E08056D0028182F /* CompanyDetailViewController.swift */,
				2B1CEA191E07FF3C0028182F /* CompanyCell.swift */,
			);
			name = Companies;
			sourceTree = "<group>";
		};
		2B1CEA211E0810830028182F /* Projects */ = {
			isa = PBXGroup;
			children = (
				2B1CEA221E0810A80028182F /* ProjectsViewController.swift */,
				2B1CEA241E0811790028182F /* ProjectDetailViewController.swift */,
				2B1CEA261E0811920028182F /* ProjectCell.swift */,
			);
			name = Projects;
			sourceTree = "<group>";
		};
		2B4DEEBF1E03E08D0053287F /* Shared */ = {
			isa = PBXGroup;
			children = (
				2B4DEEC01E03E0B60053287F /* WarningCell.swift */,
				2B4DEEC11E03E0B60053287F /* WarningCell.xib */,
				2BC061331E094A0F0027FC32 /* NoDataCell.swift */,
				2BC061341E094A0F0027FC32 /* NoDataCell.xib */,
			);
			name = Shared;
			sourceTree = "<group>";
		};
		2B7084061DD31C3900FE4A7D /* Users */ = {
			isa = PBXGroup;
			children = (
				2B7084071DD31C7B00FE4A7D /* UsersViewController.swift */,
				2BD409181DD5DFFE00A6D050 /* UsersEditViewController.swift */,
				2B70840B1DD31F6800FE4A7D /* UserCell.swift */,
			);
			name = Users;
			sourceTree = "<group>";
		};
		2B71DB7A1DC88BB000893937 /* Resources */ = {
			isa = PBXGroup;
			children = (
				2B1119701DC8CCF2002A8D5B /* Fonts */,
			);
			path = Resources;
			sourceTree = "<group>";
		};
		2BADDF281DEDAB0F00D22271 /* API */ = {
			isa = PBXGroup;
			children = (
				2BADDF291DEDAB6000D22271 /* APIManager.swift */,
				2BADDF2A1DEDAB6000D22271 /* APIRouter.swift */,
			);
			path = API;
			sourceTree = "<group>";
		};
		2BBB550E1D9E80AD005347DB = {
			isa = PBXGroup;
			children = (
				2BBB55191D9E80AD005347DB /* Necktie */,
				2BBB55211D9E80AD005347DB /* Assets.xcassets */,
				2BBB552E1D9E80AD005347DB /* NecktieTests */,
				2BBB55391D9E80AD005347DB /* NecktieUITests */,
				2BBB55181D9E80AD005347DB /* Products */,
				AEE1E8127496C87EE299620F /* Pods */,
				737D1E1F7A3A4F2239EAAF00 /* Frameworks */,
			);
			sourceTree = "<group>";
		};
		2BBB55181D9E80AD005347DB /* Products */ = {
			isa = PBXGroup;
			children = (
				2BBB55171D9E80AD005347DB /* Necktie.app */,
				2BBB552B1D9E80AD005347DB /* NecktieTests.xctest */,
				2BBB55361D9E80AD005347DB /* NecktieUITests.xctest */,
			);
			name = Products;
			sourceTree = "<group>";
		};
		2BBB55191D9E80AD005347DB /* Necktie */ = {
			isa = PBXGroup;
			children = (
				2B26DA841DEDD51800C06D23 /* README.md */,
				2BD1A44F1DE48DF5007837EB /* Necktie.entitlements */,
				2BBB551A1D9E80AD005347DB /* AppDelegate.swift */,
				2BADDF281DEDAB0F00D22271 /* API */,
				2BBB554E1D9E8506005347DB /* Helpers */,
				2BBB55491D9E8128005347DB /* Model */,
				2BBB55481D9E8118005347DB /* UI */,
				2B71DB7A1DC88BB000893937 /* Resources */,
				2BBB554B1D9E8162005347DB /* Supporting Files */,
			);
			path = Necktie;
			sourceTree = "<group>";
		};
		2BBB552E1D9E80AD005347DB /* NecktieTests */ = {
			isa = PBXGroup;
			children = (
				2BBB552F1D9E80AD005347DB /* NecktieTests.swift */,
				2BBB55311D9E80AD005347DB /* Info.plist */,
			);
			path = NecktieTests;
			sourceTree = "<group>";
		};
		2BBB55391D9E80AD005347DB /* NecktieUITests */ = {
			isa = PBXGroup;
			children = (
				2BBB553A1D9E80AD005347DB /* NecktieUITests.swift */,
				2BBB553C1D9E80AD005347DB /* Info.plist */,
			);
			path = NecktieUITests;
			sourceTree = "<group>";
		};
		2BBB55481D9E8118005347DB /* UI */ = {
			isa = PBXGroup;
			children = (
				2BBB554C1D9E8211005347DB /* Controller */,
				2BBB554A1D9E8148005347DB /* Storyboard */,
				2B4DEEBF1E03E08D0053287F /* Shared */,
			);
			path = UI;
			sourceTree = "<group>";
		};
		2BBB55491D9E8128005347DB /* Model */ = {
			isa = PBXGroup;
			children = (
				2B29B0601DE5D52B0093AEA7 /* Product.swift */,
				2B8E55541DFED736000E1B11 /* BillingPlan.swift */,
				2BADDF2D1DEDC38B00D22271 /* Profile.swift */,
				2B8E55521DFECDED000E1B11 /* TransformDate.swift */,
			);
			path = Model;
			sourceTree = "<group>";
		};
		2BBB554A1D9E8148005347DB /* Storyboard */ = {
			isa = PBXGroup;
			children = (
				2BBB551E1D9E80AD005347DB /* Main.storyboard */,
				2BFB0BF71DA7BA4800D29BC4 /* Dashboard.storyboard */,
				2BBB55231D9E80AD005347DB /* LaunchScreen.storyboard */,
				2BBBD5FF1DA64D9000696D1E /* Login.storyboard */,
				2BFB0BFA1DA7BB1D00D29BC4 /* Menu.storyboard */,
				2B7084091DD31C8B00FE4A7D /* Users.storyboard */,
				2BD1A4481DE47B6E007837EB /* Products.storyboard */,
				2B1CEA161E07F9A70028182F /* Companies.storyboard */,
				2B1CEA1F1E080B7C0028182F /* Projects.storyboard */,
			);
			name = Storyboard;
			sourceTree = "<group>";
		};
		2BBB554B1D9E8162005347DB /* Supporting Files */ = {
			isa = PBXGroup;
			children = (
				2BBB55261D9E80AD005347DB /* Info.plist */,
				2BFB0BF61DA7A21300D29BC4 /* Necktie-Bridging-Header.h */,
			);
			name = "Supporting Files";
			sourceTree = "<group>";
		};
		2BBB554C1D9E8211005347DB /* Controller */ = {
			isa = PBXGroup;
			children = (
				2BFB0C051DA7CAD200D29BC4 /* MainViewController.swift */,
				2BFB0BFC1DA7BD4600D29BC4 /* Menu */,
				2BBBD6031DA6821300696D1E /* Dashboard */,
				2BBB554D1D9E82F1005347DB /* Login */,
				2BD1A44A1DE47B7F007837EB /* Products */,
				2B1CEA181E07FF050028182F /* Companies */,
				2B7084061DD31C3900FE4A7D /* Users */,
				2B1CEA211E0810830028182F /* Projects */,
			);
			name = Controller;
			sourceTree = "<group>";
		};
		2BBB554D1D9E82F1005347DB /* Login */ = {
			isa = PBXGroup;
			children = (
				2BBBD6011DA65D9800696D1E /* LoginViewController.swift */,
			);
			name = Login;
			sourceTree = "<group>";
		};
		2BBB554E1D9E8506005347DB /* Helpers */ = {
			isa = PBXGroup;
			children = (
				2BBB554F1D9E8552005347DB /* Constants.swift */,
				2B71DBA31DC892B500893937 /* CAGradientLayer+Image.swift */,
				2BFB0BEF1DA78EA900D29BC4 /* UIViewController+MotionEffect.swift */,
				2B1654371DAB7FE7001DBE43 /* UIColor+Necktie.swift */,
				2B71DBA51DC8938900893937 /* NavigationController.swift */,
				2B3C6B4E1DDF163200A11D5B /* TableView.swift */,
				2BD0F20D1DE3327F002BAE5F /* SearchBar.swift */,
				2B3C6B501DDF1C6100A11D5B /* SectionHeaderView.swift */,
				2B656B8C1DBA5DBA00F898F1 /* GradientView.swift */,
				2B80A92E1DD0C97200EED246 /* Extensions.swift */,
				2B0445311DEC64EC00F15DED /* ViewController.swift */,
				2B74CBF81DEC663600393219 /* OAuth2RetryHandler.swift */,
				2BC13F731DF989C100CC5390 /* SegmentioBuilder.swift */,
				2B4DEEC41E03E9A10053287F /* Strings.swift */,
			);
			name = Helpers;
			path = UI/Helpers;
			sourceTree = "<group>";
		};
		2BBBD6031DA6821300696D1E /* Dashboard */ = {
			isa = PBXGroup;
			children = (
				2BBBD6041DA682DD00696D1E /* DashboardViewController.swift */,
				2B51450E1DB4C1120034E884 /* DashboardCell.swift */,
			);
			name = Dashboard;
			sourceTree = "<group>";
		};
		2BD1A44A1DE47B7F007837EB /* Products */ = {
			isa = PBXGroup;
			children = (
				2BD1A44B1DE47BAC007837EB /* ProductsViewController.swift */,
				2B6A5F4A1E0026D200133CE0 /* ProductDetailViewController.swift */,
				2BD1A44D1DE48192007837EB /* ProductCell.swift */,
				2B36DE601E02CC5A00B6F734 /* BillingPlanViewController.swift */,
				2B36DE621E02D23500B6F734 /* BillingPlanCell.swift */,
			);
			name = Products;
			sourceTree = "<group>";
		};
		2BFB0BFC1DA7BD4600D29BC4 /* Menu */ = {
			isa = PBXGroup;
			children = (
				2B1654431DABBDB0001DBE43 /* Menu.swift */,
				2BFB0C011DA7BE8900D29BC4 /* MenuViewController.swift */,
				2BFB0BFD1DA7BD6D00D29BC4 /* MenuContainerViewController.swift */,
				2BFB0C031DA7C17B00D29BC4 /* MenuTableViewCell.swift */,
				2BFB0C071DA7D3F500D29BC4 /* SideMenuCustom.swift */,
				2B1654411DABA631001DBE43 /* HeaderView.swift */,
			);
			name = Menu;
			sourceTree = "<group>";
		};
		737D1E1F7A3A4F2239EAAF00 /* Frameworks */ = {
			isa = PBXGroup;
			children = (
				958064951AA6F4BE954D3E11 /* Pods_Necktie.framework */,
				25C7B9A84F53E45030BACDED /* Pods_NecktieTests.framework */,
				F14E9C439F698E2570115C41 /* Pods_NecktieUITests.framework */,
			);
			name = Frameworks;
			sourceTree = "<group>";
		};
		AEE1E8127496C87EE299620F /* Pods */ = {
			isa = PBXGroup;
			children = (
				AD596E331BD7C9E7F8080181 /* Pods-Necktie.debug.xcconfig */,
				14AD381534BFAB2648520186 /* Pods-Necktie.release.xcconfig */,
				F7515C0614C828B0A6A56B5D /* Pods-NecktieTests.debug.xcconfig */,
				3279B56140C68B1C4466EE0E /* Pods-NecktieTests.release.xcconfig */,
				79497D1B3739B00E5E2D91CE /* Pods-NecktieUITests.debug.xcconfig */,
				10A5CB944B3979ADEF7CF38F /* Pods-NecktieUITests.release.xcconfig */,
			);
			name = Pods;
			sourceTree = "<group>";
		};
/* End PBXGroup section */

/* Begin PBXNativeTarget section */
		2BBB55161D9E80AD005347DB /* Necktie */ = {
			isa = PBXNativeTarget;
			buildConfigurationList = 2BBB553F1D9E80AD005347DB /* Build configuration list for PBXNativeTarget "Necktie" */;
			buildPhases = (
				E5C192E520820AD732ECC96B /* [CP] Check Pods Manifest.lock */,
				2BBB55131D9E80AD005347DB /* Sources */,
				2BBB55141D9E80AD005347DB /* Frameworks */,
				2BBB55151D9E80AD005347DB /* Resources */,
				0CFF7CD209222E10BF64C9BD /* [CP] Embed Pods Frameworks */,
				3478504C25C37CDDFC57D29B /* [CP] Copy Pods Resources */,
			);
			buildRules = (
			);
			dependencies = (
			);
			name = Necktie;
			productName = Necktie;
			productReference = 2BBB55171D9E80AD005347DB /* Necktie.app */;
			productType = "com.apple.product-type.application";
		};
		2BBB552A1D9E80AD005347DB /* NecktieTests */ = {
			isa = PBXNativeTarget;
			buildConfigurationList = 2BBB55421D9E80AD005347DB /* Build configuration list for PBXNativeTarget "NecktieTests" */;
			buildPhases = (
				C8AA10C935953588A96462CF /* [CP] Check Pods Manifest.lock */,
				2BBB55271D9E80AD005347DB /* Sources */,
				2BBB55281D9E80AD005347DB /* Frameworks */,
				2BBB55291D9E80AD005347DB /* Resources */,
				E6174D600AACFDF366598C3D /* [CP] Embed Pods Frameworks */,
				6D123D6C07F2FC0BFF413305 /* [CP] Copy Pods Resources */,
			);
			buildRules = (
			);
			dependencies = (
				2BBB552D1D9E80AD005347DB /* PBXTargetDependency */,
			);
			name = NecktieTests;
			productName = NecktieTests;
			productReference = 2BBB552B1D9E80AD005347DB /* NecktieTests.xctest */;
			productType = "com.apple.product-type.bundle.unit-test";
		};
		2BBB55351D9E80AD005347DB /* NecktieUITests */ = {
			isa = PBXNativeTarget;
			buildConfigurationList = 2BBB55451D9E80AD005347DB /* Build configuration list for PBXNativeTarget "NecktieUITests" */;
			buildPhases = (
				2A4A2D66E3667E7B4F39C79E /* [CP] Check Pods Manifest.lock */,
				2BBB55321D9E80AD005347DB /* Sources */,
				2BBB55331D9E80AD005347DB /* Frameworks */,
				2BBB55341D9E80AD005347DB /* Resources */,
				B45D68582C2A033D2585FE96 /* [CP] Copy Pods Resources */,
				68962CFC296D7E64C4A7F8A1 /* [CP] Embed Pods Frameworks */,
			);
			buildRules = (
			);
			dependencies = (
				2BBB55381D9E80AD005347DB /* PBXTargetDependency */,
			);
			name = NecktieUITests;
			productName = NecktieUITests;
			productReference = 2BBB55361D9E80AD005347DB /* NecktieUITests.xctest */;
			productType = "com.apple.product-type.bundle.ui-testing";
		};
/* End PBXNativeTarget section */

/* Begin PBXProject section */
		2BBB550F1D9E80AD005347DB /* Project object */ = {
			isa = PBXProject;
			attributes = {
				LastSwiftUpdateCheck = 0800;
				LastUpgradeCheck = 0800;
				ORGANIZATIONNAME = Necktie;
				TargetAttributes = {
					2BBB55161D9E80AD005347DB = {
						CreatedOnToolsVersion = 8.0;
						DevelopmentTeam = 45YKP5BM7U;
						LastSwiftMigration = 0800;
						ProvisioningStyle = Automatic;
						SystemCapabilities = {
							com.apple.Keychain = {
								enabled = 1;
							};
						};
					};
					2BBB552A1D9E80AD005347DB = {
						CreatedOnToolsVersion = 8.0;
						LastSwiftMigration = 0800;
						ProvisioningStyle = Automatic;
						TestTargetID = 2BBB55161D9E80AD005347DB;
					};
					2BBB55351D9E80AD005347DB = {
						CreatedOnToolsVersion = 8.0;
						LastSwiftMigration = 0800;
						ProvisioningStyle = Automatic;
						TestTargetID = 2BBB55161D9E80AD005347DB;
					};
				};
			};
			buildConfigurationList = 2BBB55121D9E80AD005347DB /* Build configuration list for PBXProject "Necktie" */;
			compatibilityVersion = "Xcode 3.2";
			developmentRegion = English;
			hasScannedForEncodings = 0;
			knownRegions = (
				en,
				Base,
			);
			mainGroup = 2BBB550E1D9E80AD005347DB;
			productRefGroup = 2BBB55181D9E80AD005347DB /* Products */;
			projectDirPath = "";
			projectRoot = "";
			targets = (
				2BBB55161D9E80AD005347DB /* Necktie */,
				2BBB552A1D9E80AD005347DB /* NecktieTests */,
				2BBB55351D9E80AD005347DB /* NecktieUITests */,
			);
		};
/* End PBXProject section */

/* Begin PBXResourcesBuildPhase section */
		2BBB55151D9E80AD005347DB /* Resources */ = {
			isa = PBXResourcesBuildPhase;
			buildActionMask = 2147483647;
			files = (
				2BBBD6001DA64D9000696D1E /* Login.storyboard in Resources */,
				2B71DB951DC88BE000893937 /* Roboto-MediumItalic.ttf in Resources */,
				2B71DB971DC88BE000893937 /* Roboto-Thin.ttf in Resources */,
				2B71DB961DC88BE000893937 /* Roboto-Regular.ttf in Resources */,
				2BFB0BF81DA7BA4800D29BC4 /* Dashboard.storyboard in Resources */,
				2B71DB921DC88BE000893937 /* Roboto-Light.ttf in Resources */,
				2B71DB981DC88BE000893937 /* Roboto-ThinItalic.ttf in Resources */,
				2B1CEA201E080B7C0028182F /* Projects.storyboard in Resources */,
				2BBB55251D9E80AD005347DB /* LaunchScreen.storyboard in Resources */,
				2B71DB931DC88BE000893937 /* Roboto-LightItalic.ttf in Resources */,
				2BFB0BFB1DA7BB1D00D29BC4 /* Menu.storyboard in Resources */,
				2B71DB8D1DC88BE000893937 /* Roboto-Black.ttf in Resources */,
				2B71DB8F1DC88BE000893937 /* Roboto-Bold.ttf in Resources */,
				2B1CEA171E07F9A70028182F /* Companies.storyboard in Resources */,
				2BC061361E094A0F0027FC32 /* NoDataCell.xib in Resources */,
				2B70840A1DD31C8B00FE4A7D /* Users.storyboard in Resources */,
				2BBB55221D9E80AD005347DB /* Assets.xcassets in Resources */,
				2BBB55201D9E80AD005347DB /* Main.storyboard in Resources */,
				2B71DB941DC88BE000893937 /* Roboto-Medium.ttf in Resources */,
				2B71DB901DC88BE000893937 /* Roboto-BoldItalic.ttf in Resources */,
				2B4DEEC31E03E0B60053287F /* WarningCell.xib in Resources */,
				2B71DB911DC88BE000893937 /* Roboto-Italic.ttf in Resources */,
				2BD1A4491DE47B6E007837EB /* Products.storyboard in Resources */,
				2B71DB8E1DC88BE000893937 /* Roboto-BlackItalic.ttf in Resources */,
			);
			runOnlyForDeploymentPostprocessing = 0;
		};
		2BBB55291D9E80AD005347DB /* Resources */ = {
			isa = PBXResourcesBuildPhase;
			buildActionMask = 2147483647;
			files = (
			);
			runOnlyForDeploymentPostprocessing = 0;
		};
		2BBB55341D9E80AD005347DB /* Resources */ = {
			isa = PBXResourcesBuildPhase;
			buildActionMask = 2147483647;
			files = (
			);
			runOnlyForDeploymentPostprocessing = 0;
		};
/* End PBXResourcesBuildPhase section */

/* Begin PBXShellScriptBuildPhase section */
		0CFF7CD209222E10BF64C9BD /* [CP] Embed Pods Frameworks */ = {
			isa = PBXShellScriptBuildPhase;
			buildActionMask = 2147483647;
			files = (
			);
			inputPaths = (
			);
			name = "[CP] Embed Pods Frameworks";
			outputPaths = (
			);
			runOnlyForDeploymentPostprocessing = 0;
			shellPath = /bin/sh;
			shellScript = "\"${SRCROOT}/Pods/Target Support Files/Pods-Necktie/Pods-Necktie-frameworks.sh\"\n";
			showEnvVarsInLog = 0;
		};
		2A4A2D66E3667E7B4F39C79E /* [CP] Check Pods Manifest.lock */ = {
			isa = PBXShellScriptBuildPhase;
			buildActionMask = 2147483647;
			files = (
			);
			inputPaths = (
			);
			name = "[CP] Check Pods Manifest.lock";
			outputPaths = (
			);
			runOnlyForDeploymentPostprocessing = 0;
			shellPath = /bin/sh;
			shellScript = "diff \"${PODS_ROOT}/../Podfile.lock\" \"${PODS_ROOT}/Manifest.lock\" > /dev/null\nif [ $? != 0 ] ; then\n    # print error to STDERR\n    echo \"error: The sandbox is not in sync with the Podfile.lock. Run 'pod install' or update your CocoaPods installation.\" >&2\n    exit 1\nfi\n";
			showEnvVarsInLog = 0;
		};
		3478504C25C37CDDFC57D29B /* [CP] Copy Pods Resources */ = {
			isa = PBXShellScriptBuildPhase;
			buildActionMask = 2147483647;
			files = (
			);
			inputPaths = (
			);
			name = "[CP] Copy Pods Resources";
			outputPaths = (
			);
			runOnlyForDeploymentPostprocessing = 0;
			shellPath = /bin/sh;
			shellScript = "\"${SRCROOT}/Pods/Target Support Files/Pods-Necktie/Pods-Necktie-resources.sh\"\n";
			showEnvVarsInLog = 0;
		};
		68962CFC296D7E64C4A7F8A1 /* [CP] Embed Pods Frameworks */ = {
			isa = PBXShellScriptBuildPhase;
			buildActionMask = 2147483647;
			files = (
			);
			inputPaths = (
			);
			name = "[CP] Embed Pods Frameworks";
			outputPaths = (
			);
			runOnlyForDeploymentPostprocessing = 0;
			shellPath = /bin/sh;
			shellScript = "\"${SRCROOT}/Pods/Target Support Files/Pods-NecktieUITests/Pods-NecktieUITests-frameworks.sh\"\n";
			showEnvVarsInLog = 0;
		};
		6D123D6C07F2FC0BFF413305 /* [CP] Copy Pods Resources */ = {
			isa = PBXShellScriptBuildPhase;
			buildActionMask = 2147483647;
			files = (
			);
			inputPaths = (
			);
			name = "[CP] Copy Pods Resources";
			outputPaths = (
			);
			runOnlyForDeploymentPostprocessing = 0;
			shellPath = /bin/sh;
			shellScript = "\"${SRCROOT}/Pods/Target Support Files/Pods-NecktieTests/Pods-NecktieTests-resources.sh\"\n";
			showEnvVarsInLog = 0;
		};
		B45D68582C2A033D2585FE96 /* [CP] Copy Pods Resources */ = {
			isa = PBXShellScriptBuildPhase;
			buildActionMask = 2147483647;
			files = (
			);
			inputPaths = (
			);
			name = "[CP] Copy Pods Resources";
			outputPaths = (
			);
			runOnlyForDeploymentPostprocessing = 0;
			shellPath = /bin/sh;
			shellScript = "\"${SRCROOT}/Pods/Target Support Files/Pods-NecktieUITests/Pods-NecktieUITests-resources.sh\"\n";
			showEnvVarsInLog = 0;
		};
		C8AA10C935953588A96462CF /* [CP] Check Pods Manifest.lock */ = {
			isa = PBXShellScriptBuildPhase;
			buildActionMask = 2147483647;
			files = (
			);
			inputPaths = (
			);
			name = "[CP] Check Pods Manifest.lock";
			outputPaths = (
			);
			runOnlyForDeploymentPostprocessing = 0;
			shellPath = /bin/sh;
			shellScript = "diff \"${PODS_ROOT}/../Podfile.lock\" \"${PODS_ROOT}/Manifest.lock\" > /dev/null\nif [ $? != 0 ] ; then\n    # print error to STDERR\n    echo \"error: The sandbox is not in sync with the Podfile.lock. Run 'pod install' or update your CocoaPods installation.\" >&2\n    exit 1\nfi\n";
			showEnvVarsInLog = 0;
		};
		E5C192E520820AD732ECC96B /* [CP] Check Pods Manifest.lock */ = {
			isa = PBXShellScriptBuildPhase;
			buildActionMask = 2147483647;
			files = (
			);
			inputPaths = (
			);
			name = "[CP] Check Pods Manifest.lock";
			outputPaths = (
			);
			runOnlyForDeploymentPostprocessing = 0;
			shellPath = /bin/sh;
			shellScript = "diff \"${PODS_ROOT}/../Podfile.lock\" \"${PODS_ROOT}/Manifest.lock\" > /dev/null\nif [ $? != 0 ] ; then\n    # print error to STDERR\n    echo \"error: The sandbox is not in sync with the Podfile.lock. Run 'pod install' or update your CocoaPods installation.\" >&2\n    exit 1\nfi\n";
			showEnvVarsInLog = 0;
		};
		E6174D600AACFDF366598C3D /* [CP] Embed Pods Frameworks */ = {
			isa = PBXShellScriptBuildPhase;
			buildActionMask = 2147483647;
			files = (
			);
			inputPaths = (
			);
			name = "[CP] Embed Pods Frameworks";
			outputPaths = (
			);
			runOnlyForDeploymentPostprocessing = 0;
			shellPath = /bin/sh;
			shellScript = "\"${SRCROOT}/Pods/Target Support Files/Pods-NecktieTests/Pods-NecktieTests-frameworks.sh\"\n";
			showEnvVarsInLog = 0;
		};
/* End PBXShellScriptBuildPhase section */

/* Begin PBXSourcesBuildPhase section */
		2BBB55131D9E80AD005347DB /* Sources */ = {
			isa = PBXSourcesBuildPhase;
			buildActionMask = 2147483647;
			files = (
				2B71DBA41DC892B500893937 /* CAGradientLayer+Image.swift in Sources */,
				2B80A92F1DD0C97200EED246 /* Extensions.swift in Sources */,
				2B4DEEC21E03E0B60053287F /* WarningCell.swift in Sources */,
				2B51450F1DB4C1120034E884 /* DashboardCell.swift in Sources */,
				2BBBD6021DA65D9800696D1E /* LoginViewController.swift in Sources */,
				2B74CBF91DEC663600393219 /* OAuth2RetryHandler.swift in Sources */,
				2B656B8D1DBA5DBA00F898F1 /* GradientView.swift in Sources */,
				2B1CEA251E0811790028182F /* ProjectDetailViewController.swift in Sources */,
				2BD0F20E1DE3327F002BAE5F /* SearchBar.swift in Sources */,
				2B1CEA271E0811920028182F /* ProjectCell.swift in Sources */,
				2BBB551B1D9E80AD005347DB /* AppDelegate.swift in Sources */,
				2BADDF2C1DEDAB6000D22271 /* APIRouter.swift in Sources */,
				2B26DA851DEDD51800C06D23 /* README.md in Sources */,
				2B71DBA61DC8938900893937 /* NavigationController.swift in Sources */,
				2BFB0C041DA7C17B00D29BC4 /* MenuTableViewCell.swift in Sources */,
				2B70840C1DD31F6800FE4A7D /* UserCell.swift in Sources */,
				2B1CEA1C1E07FF530028182F /* CompaniesViewController.swift in Sources */,
				2BC13F741DF989C100CC5390 /* SegmentioBuilder.swift in Sources */,
				2B8E55531DFECDED000E1B11 /* TransformDate.swift in Sources */,
				2B3C6B511DDF1C6100A11D5B /* SectionHeaderView.swift in Sources */,
				2BADDF2B1DEDAB6000D22271 /* APIManager.swift in Sources */,
				2B1CEA1E1E08056D0028182F /* CompanyDetailViewController.swift in Sources */,
				2B3C6B4F1DDF163200A11D5B /* TableView.swift in Sources */,
				2B1CEA231E0810A80028182F /* ProjectsViewController.swift in Sources */,
				2BFB0BF01DA78EA900D29BC4 /* UIViewController+MotionEffect.swift in Sources */,
				2B6A5F4B1E0026D200133CE0 /* ProductDetailViewController.swift in Sources */,
				2B1654381DAB7FE7001DBE43 /* UIColor+Necktie.swift in Sources */,
				2BD1A44C1DE47BAC007837EB /* ProductsViewController.swift in Sources */,
				2BFB0C021DA7BE8900D29BC4 /* MenuViewController.swift in Sources */,
				2BFB0BFE1DA7BD6D00D29BC4 /* MenuContainerViewController.swift in Sources */,
				2BD1A44E1DE48192007837EB /* ProductCell.swift in Sources */,
				2B36DE611E02CC5A00B6F734 /* BillingPlanViewController.swift in Sources */,
				2B8E55551DFED736000E1B11 /* BillingPlan.swift in Sources */,
				2B0445321DEC64EC00F15DED /* ViewController.swift in Sources */,
				2BC061351E094A0F0027FC32 /* NoDataCell.swift in Sources */,
				2B1654421DABA631001DBE43 /* HeaderView.swift in Sources */,
				2BFB0C061DA7CAD200D29BC4 /* MainViewController.swift in Sources */,
				2B1CEA1A1E07FF3C0028182F /* CompanyCell.swift in Sources */,
				2B29B0611DE5D52B0093AEA7 /* Product.swift in Sources */,
				2B4DEEC51E03E9A10053287F /* Strings.swift in Sources */,
				2BADDF2E1DEDC38B00D22271 /* Profile.swift in Sources */,
				2B1654441DABBDB0001DBE43 /* Menu.swift in Sources */,
				2BBB55501D9E8552005347DB /* Constants.swift in Sources */,
				2B36DE631E02D23600B6F734 /* BillingPlanCell.swift in Sources */,
				2BD409191DD5DFFE00A6D050 /* UsersEditViewController.swift in Sources */,
				2BFB0C081DA7D3F500D29BC4 /* SideMenuCustom.swift in Sources */,
				2BBBD6051DA682DD00696D1E /* DashboardViewController.swift in Sources */,
				2B7084081DD31C7B00FE4A7D /* UsersViewController.swift in Sources */,
			);
			runOnlyForDeploymentPostprocessing = 0;
		};
		2BBB55271D9E80AD005347DB /* Sources */ = {
			isa = PBXSourcesBuildPhase;
			buildActionMask = 2147483647;
			files = (
				2BBB55301D9E80AD005347DB /* NecktieTests.swift in Sources */,
			);
			runOnlyForDeploymentPostprocessing = 0;
		};
		2BBB55321D9E80AD005347DB /* Sources */ = {
			isa = PBXSourcesBuildPhase;
			buildActionMask = 2147483647;
			files = (
				2BBB553B1D9E80AD005347DB /* NecktieUITests.swift in Sources */,
			);
			runOnlyForDeploymentPostprocessing = 0;
		};
/* End PBXSourcesBuildPhase section */

/* Begin PBXTargetDependency section */
		2BBB552D1D9E80AD005347DB /* PBXTargetDependency */ = {
			isa = PBXTargetDependency;
			target = 2BBB55161D9E80AD005347DB /* Necktie */;
			targetProxy = 2BBB552C1D9E80AD005347DB /* PBXContainerItemProxy */;
		};
		2BBB55381D9E80AD005347DB /* PBXTargetDependency */ = {
			isa = PBXTargetDependency;
			target = 2BBB55161D9E80AD005347DB /* Necktie */;
			targetProxy = 2BBB55371D9E80AD005347DB /* PBXContainerItemProxy */;
		};
/* End PBXTargetDependency section */

/* Begin PBXVariantGroup section */
		2BBB551E1D9E80AD005347DB /* Main.storyboard */ = {
			isa = PBXVariantGroup;
			children = (
				2BBB551F1D9E80AD005347DB /* Base */,
			);
			name = Main.storyboard;
			path = ..;
			sourceTree = "<group>";
		};
		2BBB55231D9E80AD005347DB /* LaunchScreen.storyboard */ = {
			isa = PBXVariantGroup;
			children = (
				2BBB55241D9E80AD005347DB /* Base */,
			);
			name = LaunchScreen.storyboard;
			path = ..;
			sourceTree = "<group>";
		};
/* End PBXVariantGroup section */

/* Begin XCBuildConfiguration section */
		2BBB553D1D9E80AD005347DB /* Debug */ = {
			isa = XCBuildConfiguration;
			buildSettings = {
				ALWAYS_SEARCH_USER_PATHS = NO;
				CLANG_ANALYZER_NONNULL = YES;
				CLANG_CXX_LANGUAGE_STANDARD = "gnu++0x";
				CLANG_CXX_LIBRARY = "libc++";
				CLANG_ENABLE_MODULES = YES;
				CLANG_ENABLE_OBJC_ARC = YES;
				CLANG_WARN_BOOL_CONVERSION = YES;
				CLANG_WARN_CONSTANT_CONVERSION = YES;
				CLANG_WARN_DIRECT_OBJC_ISA_USAGE = YES_ERROR;
				CLANG_WARN_DOCUMENTATION_COMMENTS = YES;
				CLANG_WARN_EMPTY_BODY = YES;
				CLANG_WARN_ENUM_CONVERSION = YES;
				CLANG_WARN_INFINITE_RECURSION = YES;
				CLANG_WARN_INT_CONVERSION = YES;
				CLANG_WARN_OBJC_ROOT_CLASS = YES_ERROR;
				CLANG_WARN_SUSPICIOUS_MOVES = YES;
				CLANG_WARN_UNREACHABLE_CODE = YES;
				CLANG_WARN__DUPLICATE_METHOD_MATCH = YES;
				"CODE_SIGN_IDENTITY[sdk=iphoneos*]" = "iPhone Developer";
				COPY_PHASE_STRIP = NO;
				DEBUG_INFORMATION_FORMAT = dwarf;
				ENABLE_STRICT_OBJC_MSGSEND = YES;
				ENABLE_TESTABILITY = YES;
				GCC_C_LANGUAGE_STANDARD = gnu99;
				GCC_DYNAMIC_NO_PIC = NO;
				GCC_NO_COMMON_BLOCKS = YES;
				GCC_OPTIMIZATION_LEVEL = 0;
				GCC_PREPROCESSOR_DEFINITIONS = (
					"DEBUG=1",
					"$(inherited)",
				);
				GCC_WARN_64_TO_32_BIT_CONVERSION = YES;
				GCC_WARN_ABOUT_RETURN_TYPE = YES_ERROR;
				GCC_WARN_UNDECLARED_SELECTOR = YES;
				GCC_WARN_UNINITIALIZED_AUTOS = YES_AGGRESSIVE;
				GCC_WARN_UNUSED_FUNCTION = YES;
				GCC_WARN_UNUSED_VARIABLE = YES;
				IPHONEOS_DEPLOYMENT_TARGET = 10.0;
				MTL_ENABLE_DEBUG_INFO = YES;
				ONLY_ACTIVE_ARCH = YES;
				SDKROOT = iphoneos;
				SWIFT_ACTIVE_COMPILATION_CONDITIONS = DEBUG;
				SWIFT_OPTIMIZATION_LEVEL = "-Onone";
				TARGETED_DEVICE_FAMILY = "1,2";
			};
			name = Debug;
		};
		2BBB553E1D9E80AD005347DB /* Release */ = {
			isa = XCBuildConfiguration;
			buildSettings = {
				ALWAYS_SEARCH_USER_PATHS = NO;
				CLANG_ANALYZER_NONNULL = YES;
				CLANG_CXX_LANGUAGE_STANDARD = "gnu++0x";
				CLANG_CXX_LIBRARY = "libc++";
				CLANG_ENABLE_MODULES = YES;
				CLANG_ENABLE_OBJC_ARC = YES;
				CLANG_WARN_BOOL_CONVERSION = YES;
				CLANG_WARN_CONSTANT_CONVERSION = YES;
				CLANG_WARN_DIRECT_OBJC_ISA_USAGE = YES_ERROR;
				CLANG_WARN_DOCUMENTATION_COMMENTS = YES;
				CLANG_WARN_EMPTY_BODY = YES;
				CLANG_WARN_ENUM_CONVERSION = YES;
				CLANG_WARN_INFINITE_RECURSION = YES;
				CLANG_WARN_INT_CONVERSION = YES;
				CLANG_WARN_OBJC_ROOT_CLASS = YES_ERROR;
				CLANG_WARN_SUSPICIOUS_MOVES = YES;
				CLANG_WARN_UNREACHABLE_CODE = YES;
				CLANG_WARN__DUPLICATE_METHOD_MATCH = YES;
				"CODE_SIGN_IDENTITY[sdk=iphoneos*]" = "iPhone Developer";
				COPY_PHASE_STRIP = NO;
				DEBUG_INFORMATION_FORMAT = "dwarf-with-dsym";
				ENABLE_NS_ASSERTIONS = NO;
				ENABLE_STRICT_OBJC_MSGSEND = YES;
				GCC_C_LANGUAGE_STANDARD = gnu99;
				GCC_NO_COMMON_BLOCKS = YES;
				GCC_WARN_64_TO_32_BIT_CONVERSION = YES;
				GCC_WARN_ABOUT_RETURN_TYPE = YES_ERROR;
				GCC_WARN_UNDECLARED_SELECTOR = YES;
				GCC_WARN_UNINITIALIZED_AUTOS = YES_AGGRESSIVE;
				GCC_WARN_UNUSED_FUNCTION = YES;
				GCC_WARN_UNUSED_VARIABLE = YES;
				IPHONEOS_DEPLOYMENT_TARGET = 10.0;
				MTL_ENABLE_DEBUG_INFO = NO;
				SDKROOT = iphoneos;
				SWIFT_OPTIMIZATION_LEVEL = "-Owholemodule";
				TARGETED_DEVICE_FAMILY = "1,2";
				VALIDATE_PRODUCT = YES;
			};
			name = Release;
		};
		2BBB55401D9E80AD005347DB /* Debug */ = {
			isa = XCBuildConfiguration;
			baseConfigurationReference = AD596E331BD7C9E7F8080181 /* Pods-Necktie.debug.xcconfig */;
			buildSettings = {
				ASSETCATALOG_COMPILER_APPICON_NAME = AppIcon;
				CLANG_ENABLE_MODULES = YES;
				CODE_SIGN_ENTITLEMENTS = Necktie/Necktie.entitlements;
				DEVELOPMENT_TEAM = 45YKP5BM7U;
				INFOPLIST_FILE = Necktie/Info.plist;
				IPHONEOS_DEPLOYMENT_TARGET = 9.0;
				LD_RUNPATH_SEARCH_PATHS = "$(inherited) @executable_path/Frameworks";
				OTHER_SWIFT_FLAGS = "$(inherited) \"-D\" \"COCOAPODS\" -DDEBUG";
				PRODUCT_BUNDLE_IDENTIFIER = com.getnecktie.Necktie;
				PRODUCT_NAME = "$(TARGET_NAME)";
				SWIFT_OBJC_BRIDGING_HEADER = "";
				SWIFT_OPTIMIZATION_LEVEL = "-Onone";
				SWIFT_VERSION = 3.0;
			};
			name = Debug;
		};
		2BBB55411D9E80AD005347DB /* Release */ = {
			isa = XCBuildConfiguration;
			baseConfigurationReference = 14AD381534BFAB2648520186 /* Pods-Necktie.release.xcconfig */;
			buildSettings = {
				ASSETCATALOG_COMPILER_APPICON_NAME = AppIcon;
				CLANG_ENABLE_MODULES = YES;
				CODE_SIGN_ENTITLEMENTS = Necktie/Necktie.entitlements;
				DEVELOPMENT_TEAM = 45YKP5BM7U;
				INFOPLIST_FILE = Necktie/Info.plist;
				IPHONEOS_DEPLOYMENT_TARGET = 9.0;
				LD_RUNPATH_SEARCH_PATHS = "$(inherited) @executable_path/Frameworks";
				OTHER_SWIFT_FLAGS = "$(inherited) \"-D\" \"COCOAPODS\" -DRELEASE";
				PRODUCT_BUNDLE_IDENTIFIER = com.getnecktie.Necktie;
				PRODUCT_NAME = "$(TARGET_NAME)";
				SWIFT_OBJC_BRIDGING_HEADER = "";
				SWIFT_VERSION = 3.0;
			};
			name = Release;
		};
		2BBB55431D9E80AD005347DB /* Debug */ = {
			isa = XCBuildConfiguration;
			baseConfigurationReference = F7515C0614C828B0A6A56B5D /* Pods-NecktieTests.debug.xcconfig */;
			buildSettings = {
				ALWAYS_EMBED_SWIFT_STANDARD_LIBRARIES = YES;
				BUNDLE_LOADER = "$(TEST_HOST)";
				INFOPLIST_FILE = NecktieTests/Info.plist;
				LD_RUNPATH_SEARCH_PATHS = "$(inherited) @executable_path/Frameworks @loader_path/Frameworks";
				PRODUCT_BUNDLE_IDENTIFIER = com.getnecktie.NecktieTests;
				PRODUCT_NAME = "$(TARGET_NAME)";
				SWIFT_VERSION = 3.0;
				TEST_HOST = "$(BUILT_PRODUCTS_DIR)/Necktie.app/Necktie";
			};
			name = Debug;
		};
		2BBB55441D9E80AD005347DB /* Release */ = {
			isa = XCBuildConfiguration;
			baseConfigurationReference = 3279B56140C68B1C4466EE0E /* Pods-NecktieTests.release.xcconfig */;
			buildSettings = {
				ALWAYS_EMBED_SWIFT_STANDARD_LIBRARIES = YES;
				BUNDLE_LOADER = "$(TEST_HOST)";
				INFOPLIST_FILE = NecktieTests/Info.plist;
				LD_RUNPATH_SEARCH_PATHS = "$(inherited) @executable_path/Frameworks @loader_path/Frameworks";
				PRODUCT_BUNDLE_IDENTIFIER = com.getnecktie.NecktieTests;
				PRODUCT_NAME = "$(TARGET_NAME)";
				SWIFT_VERSION = 3.0;
				TEST_HOST = "$(BUILT_PRODUCTS_DIR)/Necktie.app/Necktie";
			};
			name = Release;
		};
		2BBB55461D9E80AD005347DB /* Debug */ = {
			isa = XCBuildConfiguration;
			baseConfigurationReference = 79497D1B3739B00E5E2D91CE /* Pods-NecktieUITests.debug.xcconfig */;
			buildSettings = {
				ALWAYS_EMBED_SWIFT_STANDARD_LIBRARIES = YES;
				INFOPLIST_FILE = NecktieUITests/Info.plist;
				LD_RUNPATH_SEARCH_PATHS = "$(inherited) @executable_path/Frameworks @loader_path/Frameworks";
				PRODUCT_BUNDLE_IDENTIFIER = com.getnecktie.NecktieUITests;
				PRODUCT_NAME = "$(TARGET_NAME)";
				SWIFT_VERSION = 3.0;
				TEST_TARGET_NAME = Necktie;
			};
			name = Debug;
		};
		2BBB55471D9E80AD005347DB /* Release */ = {
			isa = XCBuildConfiguration;
			baseConfigurationReference = 10A5CB944B3979ADEF7CF38F /* Pods-NecktieUITests.release.xcconfig */;
			buildSettings = {
				ALWAYS_EMBED_SWIFT_STANDARD_LIBRARIES = YES;
				INFOPLIST_FILE = NecktieUITests/Info.plist;
				LD_RUNPATH_SEARCH_PATHS = "$(inherited) @executable_path/Frameworks @loader_path/Frameworks";
				PRODUCT_BUNDLE_IDENTIFIER = com.getnecktie.NecktieUITests;
				PRODUCT_NAME = "$(TARGET_NAME)";
				SWIFT_VERSION = 3.0;
				TEST_TARGET_NAME = Necktie;
			};
			name = Release;
		};
/* End XCBuildConfiguration section */

/* Begin XCConfigurationList section */
		2BBB55121D9E80AD005347DB /* Build configuration list for PBXProject "Necktie" */ = {
			isa = XCConfigurationList;
			buildConfigurations = (
				2BBB553D1D9E80AD005347DB /* Debug */,
				2BBB553E1D9E80AD005347DB /* Release */,
			);
			defaultConfigurationIsVisible = 0;
			defaultConfigurationName = Release;
		};
		2BBB553F1D9E80AD005347DB /* Build configuration list for PBXNativeTarget "Necktie" */ = {
			isa = XCConfigurationList;
			buildConfigurations = (
				2BBB55401D9E80AD005347DB /* Debug */,
				2BBB55411D9E80AD005347DB /* Release */,
			);
			defaultConfigurationIsVisible = 0;
			defaultConfigurationName = Release;
		};
		2BBB55421D9E80AD005347DB /* Build configuration list for PBXNativeTarget "NecktieTests" */ = {
			isa = XCConfigurationList;
			buildConfigurations = (
				2BBB55431D9E80AD005347DB /* Debug */,
				2BBB55441D9E80AD005347DB /* Release */,
			);
			defaultConfigurationIsVisible = 0;
			defaultConfigurationName = Release;
		};
		2BBB55451D9E80AD005347DB /* Build configuration list for PBXNativeTarget "NecktieUITests" */ = {
			isa = XCConfigurationList;
			buildConfigurations = (
				2BBB55461D9E80AD005347DB /* Debug */,
				2BBB55471D9E80AD005347DB /* Release */,
			);
			defaultConfigurationIsVisible = 0;
			defaultConfigurationName = Release;
		};
/* End XCConfigurationList section */
	};
	rootObject = 2BBB550F1D9E80AD005347DB /* Project object */;
}
